// !$*UTF8*$!
{
	archiveVersion = 1;
	classes = {
	};
	objectVersion = 52;
	objects = {

/* Begin PBXBuildFile section */
		195C58D2258E5AA8008968A6 /* GMIPackage in Frameworks */ = {isa = PBXBuildFile; productRef = 195C58D1258E5AA8008968A6 /* GMIPackage */; };
		19DE29542552336500370CE1 /* AppDelegate.swift in Sources */ = {isa = PBXBuildFile; fileRef = 19DE29532552336500370CE1 /* AppDelegate.swift */; };
		19DE29562552336500370CE1 /* SceneDelegate.swift in Sources */ = {isa = PBXBuildFile; fileRef = 19DE29552552336500370CE1 /* SceneDelegate.swift */; };
		19DE29582552336500370CE1 /* MainView.swift in Sources */ = {isa = PBXBuildFile; fileRef = 19DE29572552336500370CE1 /* MainView.swift */; };
		19DE295A2552336800370CE1 /* Assets.xcassets in Resources */ = {isa = PBXBuildFile; fileRef = 19DE29592552336800370CE1 /* Assets.xcassets */; };
		19DE295D2552336800370CE1 /* Preview Assets.xcassets in Resources */ = {isa = PBXBuildFile; fileRef = 19DE295C2552336800370CE1 /* Preview Assets.xcassets */; };
		19DE29602552336800370CE1 /* LaunchScreen.storyboard in Resources */ = {isa = PBXBuildFile; fileRef = 19DE295E2552336800370CE1 /* LaunchScreen.storyboard */; };
		19DE296A25530F0A00370CE1 /* MainViewModel.swift in Sources */ = {isa = PBXBuildFile; fileRef = 19DE296925530F0A00370CE1 /* MainViewModel.swift */; };
/* End PBXBuildFile section */

/* Begin PBXCopyFilesBuildPhase section */
		193BAD71258ACCD20063655E /* Embed Frameworks */ = {
			isa = PBXCopyFilesBuildPhase;
			buildActionMask = 2147483647;
			dstPath = "";
			dstSubfolderSpec = 10;
			files = (
			);
			name = "Embed Frameworks";
			runOnlyForDeploymentPostprocessing = 0;
		};
/* End PBXCopyFilesBuildPhase section */

/* Begin PBXFileReference section */
		195C58D3258E60FE008968A6 /* Combine.framework */ = {isa = PBXFileReference; lastKnownFileType = wrapper.framework; name = Combine.framework; path = System/Library/Frameworks/Combine.framework; sourceTree = SDKROOT; };
		195C58DB258E6818008968A6 /* SwiftUI.framework */ = {isa = PBXFileReference; lastKnownFileType = wrapper.framework; name = SwiftUI.framework; path = System/Library/Frameworks/SwiftUI.framework; sourceTree = SDKROOT; };
		19DE29502552336500370CE1 /* gmi_ios_sample.app */ = {isa = PBXFileReference; explicitFileType = wrapper.application; includeInIndex = 0; path = gmi_ios_sample.app; sourceTree = BUILT_PRODUCTS_DIR; };
		19DE29532552336500370CE1 /* AppDelegate.swift */ = {isa = PBXFileReference; lastKnownFileType = sourcecode.swift; path = AppDelegate.swift; sourceTree = "<group>"; };
		19DE29552552336500370CE1 /* SceneDelegate.swift */ = {isa = PBXFileReference; lastKnownFileType = sourcecode.swift; path = SceneDelegate.swift; sourceTree = "<group>"; };
		19DE29572552336500370CE1 /* MainView.swift */ = {isa = PBXFileReference; lastKnownFileType = sourcecode.swift; path = MainView.swift; sourceTree = "<group>"; };
		19DE29592552336800370CE1 /* Assets.xcassets */ = {isa = PBXFileReference; lastKnownFileType = folder.assetcatalog; path = Assets.xcassets; sourceTree = "<group>"; };
		19DE295C2552336800370CE1 /* Preview Assets.xcassets */ = {isa = PBXFileReference; lastKnownFileType = folder.assetcatalog; path = "Preview Assets.xcassets"; sourceTree = "<group>"; };
		19DE295F2552336800370CE1 /* Base */ = {isa = PBXFileReference; lastKnownFileType = file.storyboard; name = Base; path = Base.lproj/LaunchScreen.storyboard; sourceTree = "<group>"; };
		19DE29612552336800370CE1 /* Info.plist */ = {isa = PBXFileReference; lastKnownFileType = text.plist.xml; path = Info.plist; sourceTree = "<group>"; };
		19DE296925530F0A00370CE1 /* MainViewModel.swift */ = {isa = PBXFileReference; lastKnownFileType = sourcecode.swift; path = MainViewModel.swift; sourceTree = "<group>"; };
/* End PBXFileReference section */

/* Begin PBXFrameworksBuildPhase section */
		19DE294D2552336500370CE1 /* Frameworks */ = {
			isa = PBXFrameworksBuildPhase;
			buildActionMask = 2147483647;
			files = (
				195C58D2258E5AA8008968A6 /* GMIPackage in Frameworks */,
			);
			runOnlyForDeploymentPostprocessing = 0;
		};
/* End PBXFrameworksBuildPhase section */

/* Begin PBXGroup section */
		19DE29472552336500370CE1 = {
			isa = PBXGroup;
			children = (
				19DE29522552336500370CE1 /* gmi_ios_sample */,
				19DE296E2553107500370CE1 /* Frameworks */,
				19DE29512552336500370CE1 /* Products */,
			);
			sourceTree = "<group>";
		};
		19DE29512552336500370CE1 /* Products */ = {
			isa = PBXGroup;
			children = (
				19DE29502552336500370CE1 /* gmi_ios_sample.app */,
			);
			name = Products;
			sourceTree = "<group>";
		};
		19DE29522552336500370CE1 /* gmi_ios_sample */ = {
			isa = PBXGroup;
			children = (
				19DE29532552336500370CE1 /* AppDelegate.swift */,
				19DE29552552336500370CE1 /* SceneDelegate.swift */,
				19DE296825530EDE00370CE1 /* Main */,
				19DE29592552336800370CE1 /* Assets.xcassets */,
				19DE295E2552336800370CE1 /* LaunchScreen.storyboard */,
				19DE29612552336800370CE1 /* Info.plist */,
				19DE295B2552336800370CE1 /* Preview Content */,
			);
			path = gmi_ios_sample;
			sourceTree = "<group>";
		};
		19DE295B2552336800370CE1 /* Preview Content */ = {
			isa = PBXGroup;
			children = (
				19DE295C2552336800370CE1 /* Preview Assets.xcassets */,
			);
			path = "Preview Content";
			sourceTree = "<group>";
		};
		19DE296825530EDE00370CE1 /* Main */ = {
			isa = PBXGroup;
			children = (
				19DE29572552336500370CE1 /* MainView.swift */,
				19DE296925530F0A00370CE1 /* MainViewModel.swift */,
			);
			path = Main;
			sourceTree = "<group>";
		};
		19DE296E2553107500370CE1 /* Frameworks */ = {
			isa = PBXGroup;
			children = (
				195C58DB258E6818008968A6 /* SwiftUI.framework */,
				195C58D3258E60FE008968A6 /* Combine.framework */,
			);
			path = Frameworks;
			sourceTree = "<group>";
		};
/* End PBXGroup section */

/* Begin PBXNativeTarget section */
		19DE294F2552336500370CE1 /* gmi_ios_sample */ = {
			isa = PBXNativeTarget;
			buildConfigurationList = 19DE29642552336800370CE1 /* Build configuration list for PBXNativeTarget "gmi_ios_sample" */;
			buildPhases = (
				19DE294C2552336500370CE1 /* Sources */,
				19DE294D2552336500370CE1 /* Frameworks */,
				19DE294E2552336500370CE1 /* Resources */,
				193BAD71258ACCD20063655E /* Embed Frameworks */,
			);
			buildRules = (
			);
			dependencies = (
			);
			name = gmi_ios_sample;
			packageProductDependencies = (
				195C58D1258E5AA8008968A6 /* GMIPackage */,
			);
			productName = gmi_ios_sample;
			productReference = 19DE29502552336500370CE1 /* gmi_ios_sample.app */;
			productType = "com.apple.product-type.application";
		};
/* End PBXNativeTarget section */

/* Begin PBXProject section */
		19DE29482552336500370CE1 /* Project object */ = {
			isa = PBXProject;
			attributes = {
				LastSwiftUpdateCheck = 1210;
				LastUpgradeCheck = 1210;
				TargetAttributes = {
					19DE294F2552336500370CE1 = {
						CreatedOnToolsVersion = 12.1;
					};
				};
			};
			buildConfigurationList = 19DE294B2552336500370CE1 /* Build configuration list for PBXProject "gmi_ios_sample" */;
			compatibilityVersion = "Xcode 9.3";
			developmentRegion = en;
			hasScannedForEncodings = 0;
			knownRegions = (
				en,
				Base,
			);
			mainGroup = 19DE29472552336500370CE1;
			packageReferences = (
				195C58D0258E5AA8008968A6 /* XCRemoteSwiftPackageReference "GMIPackage" */,
			);
			productRefGroup = 19DE29512552336500370CE1 /* Products */;
			projectDirPath = "";
			projectRoot = "";
			targets = (
				19DE294F2552336500370CE1 /* gmi_ios_sample */,
			);
		};
/* End PBXProject section */

/* Begin PBXResourcesBuildPhase section */
		19DE294E2552336500370CE1 /* Resources */ = {
			isa = PBXResourcesBuildPhase;
			buildActionMask = 2147483647;
			files = (
				19DE29602552336800370CE1 /* LaunchScreen.storyboard in Resources */,
				19DE295D2552336800370CE1 /* Preview Assets.xcassets in Resources */,
				19DE295A2552336800370CE1 /* Assets.xcassets in Resources */,
			);
			runOnlyForDeploymentPostprocessing = 0;
		};
/* End PBXResourcesBuildPhase section */

/* Begin PBXSourcesBuildPhase section */
		19DE294C2552336500370CE1 /* Sources */ = {
			isa = PBXSourcesBuildPhase;
			buildActionMask = 2147483647;
			files = (
				19DE29542552336500370CE1 /* AppDelegate.swift in Sources */,
				19DE29562552336500370CE1 /* SceneDelegate.swift in Sources */,
				19DE29582552336500370CE1 /* MainView.swift in Sources */,
				19DE296A25530F0A00370CE1 /* MainViewModel.swift in Sources */,
			);
			runOnlyForDeploymentPostprocessing = 0;
		};
/* End PBXSourcesBuildPhase section */

/* Begin PBXVariantGroup section */
		19DE295E2552336800370CE1 /* LaunchScreen.storyboard */ = {
			isa = PBXVariantGroup;
			children = (
				19DE295F2552336800370CE1 /* Base */,
			);
			name = LaunchScreen.storyboard;
			sourceTree = "<group>";
		};
/* End PBXVariantGroup section */

/* Begin XCBuildConfiguration section */
		19DE29622552336800370CE1 /* Debug */ = {
			isa = XCBuildConfiguration;
			buildSettings = {
				ALWAYS_SEARCH_USER_PATHS = NO;
				CLANG_ANALYZER_NONNULL = YES;
				CLANG_ANALYZER_NUMBER_OBJECT_CONVERSION = YES_AGGRESSIVE;
				CLANG_CXX_LANGUAGE_STANDARD = "gnu++14";
				CLANG_CXX_LIBRARY = "libc++";
				CLANG_ENABLE_MODULES = YES;
				CLANG_ENABLE_OBJC_ARC = YES;
				CLANG_ENABLE_OBJC_WEAK = YES;
				CLANG_WARN_BLOCK_CAPTURE_AUTORELEASING = YES;
				CLANG_WARN_BOOL_CONVERSION = YES;
				CLANG_WARN_COMMA = YES;
				CLANG_WARN_CONSTANT_CONVERSION = YES;
				CLANG_WARN_DEPRECATED_OBJC_IMPLEMENTATIONS = YES;
				CLANG_WARN_DIRECT_OBJC_ISA_USAGE = YES_ERROR;
				CLANG_WARN_DOCUMENTATION_COMMENTS = YES;
				CLANG_WARN_EMPTY_BODY = YES;
				CLANG_WARN_ENUM_CONVERSION = YES;
				CLANG_WARN_INFINITE_RECURSION = YES;
				CLANG_WARN_INT_CONVERSION = YES;
				CLANG_WARN_NON_LITERAL_NULL_CONVERSION = YES;
				CLANG_WARN_OBJC_IMPLICIT_RETAIN_SELF = YES;
				CLANG_WARN_OBJC_LITERAL_CONVERSION = YES;
				CLANG_WARN_OBJC_ROOT_CLASS = YES_ERROR;
				CLANG_WARN_QUOTED_INCLUDE_IN_FRAMEWORK_HEADER = YES;
				CLANG_WARN_RANGE_LOOP_ANALYSIS = YES;
				CLANG_WARN_STRICT_PROTOTYPES = YES;
				CLANG_WARN_SUSPICIOUS_MOVE = YES;
				CLANG_WARN_UNGUARDED_AVAILABILITY = YES_AGGRESSIVE;
				CLANG_WARN_UNREACHABLE_CODE = YES;
				CLANG_WARN__DUPLICATE_METHOD_MATCH = YES;
				COPY_PHASE_STRIP = NO;
				DEBUG_INFORMATION_FORMAT = dwarf;
				ENABLE_STRICT_OBJC_MSGSEND = YES;
				ENABLE_TESTABILITY = YES;
				FRAMEWORK_SEARCH_PATHS = "$(PRJ_DIR)";
				GCC_C_LANGUAGE_STANDARD = gnu11;
				GCC_DYNAMIC_NO_PIC = NO;
				GCC_NO_COMMON_BLOCKS = YES;
				GCC_OPTIMIZATION_LEVEL = 0;
				GCC_PREPROCESSOR_DEFINITIONS = (
					"DEBUG=1",
					"$(inherited)",
				);
				GCC_WARN_64_TO_32_BIT_CONVERSION = YES;
				GCC_WARN_ABOUT_RETURN_TYPE = YES_ERROR;
				GCC_WARN_UNDECLARED_SELECTOR = YES;
				GCC_WARN_UNINITIALIZED_AUTOS = YES_AGGRESSIVE;
				GCC_WARN_UNUSED_FUNCTION = YES;
				GCC_WARN_UNUSED_VARIABLE = YES;
				IPHONEOS_DEPLOYMENT_TARGET = 14.1;
				MTL_ENABLE_DEBUG_INFO = INCLUDE_SOURCE;
				MTL_FAST_MATH = YES;
				ONLY_ACTIVE_ARCH = YES;
				SDKROOT = iphoneos;
				SWIFT_ACTIVE_COMPILATION_CONDITIONS = DEBUG;
				SWIFT_INCLUDE_PATHS = "";
				SWIFT_OPTIMIZATION_LEVEL = "-Onone";
			};
			name = Debug;
		};
		19DE29632552336800370CE1 /* Release */ = {
			isa = XCBuildConfiguration;
			buildSettings = {
				ALWAYS_SEARCH_USER_PATHS = NO;
				CLANG_ANALYZER_NONNULL = YES;
				CLANG_ANALYZER_NUMBER_OBJECT_CONVERSION = YES_AGGRESSIVE;
				CLANG_CXX_LANGUAGE_STANDARD = "gnu++14";
				CLANG_CXX_LIBRARY = "libc++";
				CLANG_ENABLE_MODULES = YES;
				CLANG_ENABLE_OBJC_ARC = YES;
				CLANG_ENABLE_OBJC_WEAK = YES;
				CLANG_WARN_BLOCK_CAPTURE_AUTORELEASING = YES;
				CLANG_WARN_BOOL_CONVERSION = YES;
				CLANG_WARN_COMMA = YES;
				CLANG_WARN_CONSTANT_CONVERSION = YES;
				CLANG_WARN_DEPRECATED_OBJC_IMPLEMENTATIONS = YES;
				CLANG_WARN_DIRECT_OBJC_ISA_USAGE = YES_ERROR;
				CLANG_WARN_DOCUMENTATION_COMMENTS = YES;
				CLANG_WARN_EMPTY_BODY = YES;
				CLANG_WARN_ENUM_CONVERSION = YES;
				CLANG_WARN_INFINITE_RECURSION = YES;
				CLANG_WARN_INT_CONVERSION = YES;
				CLANG_WARN_NON_LITERAL_NULL_CONVERSION = YES;
				CLANG_WARN_OBJC_IMPLICIT_RETAIN_SELF = YES;
				CLANG_WARN_OBJC_LITERAL_CONVERSION = YES;
				CLANG_WARN_OBJC_ROOT_CLASS = YES_ERROR;
				CLANG_WARN_QUOTED_INCLUDE_IN_FRAMEWORK_HEADER = YES;
				CLANG_WARN_RANGE_LOOP_ANALYSIS = YES;
				CLANG_WARN_STRICT_PROTOTYPES = YES;
				CLANG_WARN_SUSPICIOUS_MOVE = YES;
				CLANG_WARN_UNGUARDED_AVAILABILITY = YES_AGGRESSIVE;
				CLANG_WARN_UNREACHABLE_CODE = YES;
				CLANG_WARN__DUPLICATE_METHOD_MATCH = YES;
				COPY_PHASE_STRIP = NO;
				DEBUG_INFORMATION_FORMAT = "dwarf-with-dsym";
				ENABLE_NS_ASSERTIONS = NO;
				ENABLE_STRICT_OBJC_MSGSEND = YES;
				FRAMEWORK_SEARCH_PATHS = "$(PRJ_DIR)";
				GCC_C_LANGUAGE_STANDARD = gnu11;
				GCC_NO_COMMON_BLOCKS = YES;
				GCC_WARN_64_TO_32_BIT_CONVERSION = YES;
				GCC_WARN_ABOUT_RETURN_TYPE = YES_ERROR;
				GCC_WARN_UNDECLARED_SELECTOR = YES;
				GCC_WARN_UNINITIALIZED_AUTOS = YES_AGGRESSIVE;
				GCC_WARN_UNUSED_FUNCTION = YES;
				GCC_WARN_UNUSED_VARIABLE = YES;
				IPHONEOS_DEPLOYMENT_TARGET = 14.1;
				MTL_ENABLE_DEBUG_INFO = NO;
				MTL_FAST_MATH = YES;
				SDKROOT = iphoneos;
				SWIFT_COMPILATION_MODE = wholemodule;
				SWIFT_INCLUDE_PATHS = "";
				SWIFT_OPTIMIZATION_LEVEL = "-O";
				VALIDATE_PRODUCT = YES;
			};
			name = Release;
		};
		19DE29652552336800370CE1 /* Debug */ = {
			isa = XCBuildConfiguration;
			buildSettings = {
				ASSETCATALOG_COMPILER_APPICON_NAME = AppIcon;
				ASSETCATALOG_COMPILER_GLOBAL_ACCENT_COLOR_NAME = AccentColor;
				CODE_SIGN_STYLE = Automatic;
				DEVELOPMENT_ASSET_PATHS = "\"gmi_ios_sample/Preview Content\"";
				DEVELOPMENT_TEAM = 7B4863M823;
				ENABLE_BITCODE = NO;
				ENABLE_PREVIEWS = YES;
				FRAMEWORK_SEARCH_PATHS = (
					"$(inherited)",
					"$(BUILT_PRODUCTS_DIR)/**",
				);
				INCLUDED_RECURSIVE_SEARCH_PATH_SUBDIRECTORIES = "";
				INFOPLIST_FILE = gmi_ios_sample/Info.plist;
				IPHONEOS_DEPLOYMENT_TARGET = 13.0;
				LD_RUNPATH_SEARCH_PATHS = (
					"$(inherited)",
					"@executable_path/Frameworks",
					"@loader_path/Frameworks",
				);
				LIBRARY_SEARCH_PATHS = "";
				PRODUCT_BUNDLE_IDENTIFIER = "com.iwsinc.gmi-ios-sample";
				PRODUCT_NAME = "$(TARGET_NAME)";
				SWIFT_INCLUDE_PATHS = "";
				SWIFT_VERSION = 5.0;
				TARGETED_DEVICE_FAMILY = "1,2";
				USER_HEADER_SEARCH_PATHS = "";
			};
			name = Debug;
		};
		19DE29662552336800370CE1 /* Release */ = {
			isa = XCBuildConfiguration;
			buildSettings = {
				ASSETCATALOG_COMPILER_APPICON_NAME = AppIcon;
				ASSETCATALOG_COMPILER_GLOBAL_ACCENT_COLOR_NAME = AccentColor;
				CODE_SIGN_STYLE = Automatic;
				DEVELOPMENT_ASSET_PATHS = "\"gmi_ios_sample/Preview Content\"";
				DEVELOPMENT_TEAM = 7B4863M823;
				ENABLE_BITCODE = NO;
				ENABLE_PREVIEWS = YES;
				FRAMEWORK_SEARCH_PATHS = (
					"$(inherited)",
					"$(BUILT_PRODUCTS_DIR)/**",
				);
				INCLUDED_RECURSIVE_SEARCH_PATH_SUBDIRECTORIES = "";
				INFOPLIST_FILE = gmi_ios_sample/Info.plist;
				IPHONEOS_DEPLOYMENT_TARGET = 13.0;
				LD_RUNPATH_SEARCH_PATHS = (
					"$(inherited)",
					"@executable_path/Frameworks",
					"@loader_path/Frameworks",
				);
				LIBRARY_SEARCH_PATHS = "";
				PRODUCT_BUNDLE_IDENTIFIER = "com.iwsinc.gmi-ios-sample";
				PRODUCT_NAME = "$(TARGET_NAME)";
				SWIFT_INCLUDE_PATHS = "";
				SWIFT_VERSION = 5.0;
				TARGETED_DEVICE_FAMILY = "1,2";
				USER_HEADER_SEARCH_PATHS = "";
			};
			name = Release;
		};
/* End XCBuildConfiguration section */

/* Begin XCConfigurationList section */
		19DE294B2552336500370CE1 /* Build configuration list for PBXProject "gmi_ios_sample" */ = {
			isa = XCConfigurationList;
			buildConfigurations = (
				19DE29622552336800370CE1 /* Debug */,
				19DE29632552336800370CE1 /* Release */,
			);
			defaultConfigurationIsVisible = 0;
			defaultConfigurationName = Release;
		};
		19DE29642552336800370CE1 /* Build configuration list for PBXNativeTarget "gmi_ios_sample" */ = {
			isa = XCConfigurationList;
			buildConfigurations = (
				19DE29652552336800370CE1 /* Debug */,
				19DE29662552336800370CE1 /* Release */,
			);
			defaultConfigurationIsVisible = 0;
			defaultConfigurationName = Release;
		};
/* End XCConfigurationList section */

/* Begin XCRemoteSwiftPackageReference section */
		195C58D0258E5AA8008968A6 /* XCRemoteSwiftPackageReference "GMIPackage" */ = {
			isa = XCRemoteSwiftPackageReference;
			repositoryURL = "https://github.com/ImageWare/GMIPackage.git";
			requirement = {
				kind = upToNextMajorVersion;
				minimumVersion = 1.3.10;
			};
		};
/* End XCRemoteSwiftPackageReference section */

/* Begin XCSwiftPackageProductDependency section */
		195C58D1258E5AA8008968A6 /* GMIPackage */ = {
			isa = XCSwiftPackageProductDependency;
			package = 195C58D0258E5AA8008968A6 /* XCRemoteSwiftPackageReference "GMIPackage" */;
			productName = GMIPackage;
		};
/* End XCSwiftPackageProductDependency section */
	};
	rootObject = 19DE29482552336500370CE1 /* Project object */;
}
